
Microsoft Visual Studio Solution File, Format Version 10.00
# Visual Studio 2008
Project("{FAE04EC0-301F-11D3-BF4B-00C04F79EFBC}") = "CC2Amazon", "CC2Amazon.csproj", "{927969FA-72FB-46CB-9327-E3EF32E96016}"
EndProject
Global
	GlobalSection(SolutionConfigurationPlatforms) = preSolution
		Debug|Any CPU = Debug|Any CPU
		Release|Any CPU = Release|Any CPU
	EndGlobalSection
	GlobalSection(ProjectConfigurationPlatforms) = postSolution
		{927969FA-72FB-46CB-9327-E3EF32E96016}.Debug|Any CPU.ActiveCfg = Debug|Any CPU
		{927969FA-72FB-46CB-9327-E3EF32E96016}.Debug|Any CPU.Build.0 = Debug|Any CPU
		{927969FA-72FB-46CB-9327-E3EF32E96016}.Release|Any CPU.ActiveCfg = Release|Any CPU
		{927969FA-72FB-46CB-9327-E3EF32E96016}.Release|Any CPU.Build.0 = Release|Any CPU
	EndGlobalSection
	GlobalSection(SolutionProperties) = preSolution
		HideSolutionNode = FALSE
	EndGlobalSection
EndGlobal
